# THIS IS AN AUTOGENERATED FILE. DO NOT EDIT THIS FILE DIRECTLY.
# yarn lockfile v1


es6-promise@^4.0.5:
  version "4.0.5"
  resolved "https://registry.yarnpkg.com/es6-promise/-/es6-promise-4.0.5.tgz#7882f30adde5b240ccfa7f7d78c548330951ae42"

fecha@^2.3.0:
  version "2.3.0"
  resolved "https://registry.yarnpkg.com/fecha/-/fecha-2.3.0.tgz#791efb33d63b89b7aa8eccc28e59593db2ead700"

string-mask@^0.3.0:
  version "0.3.0"
  resolved "http://registry.npmjs.org/string-mask/-/string-mask-0.3.0.tgz#9e7244b87bb2f6f9647e2ac98f96fa1a57c21198"

vue@^2.1.10:
  version "2.1.10"
  resolved "https://registry.yarnpkg.com/vue/-/vue-2.1.10.tgz#c9235ca48c7925137be5807832ac4e3ac180427b"

vuex@^2.1.2:
  version "2.1.2"
  resolved "https://registry.yarnpkg.com/vuex/-/vuex-2.1.2.tgz#15d2da62dd6ff59c071f0a91cd4f434eacf6ca6c"
