# THIS IS AN AUTOGENERATED FILE. DO NOT EDIT THIS FILE DIRECTLY.
# yarn lockfile v1


axios@^0.15.3:
  version "0.15.3"
  resolved "https://registry.yarnpkg.com/axios/-/axios-0.15.3.tgz#2c9d638b2e191a08ea1d6cc988eadd6ba5bdc053"
  dependencies:
    follow-redirects "1.0.0"

debug@^2.2.0:
  version "2.6.0"
  resolved "https://registry.yarnpkg.com/debug/-/debug-2.6.0.tgz#bc596bcabe7617f11d9fa15361eded5608b8499b"
  dependencies:
    ms "0.7.2"

es6-promise@^4.0.5:
  version "4.0.5"
  resolved "https://registry.yarnpkg.com/es6-promise/-/es6-promise-4.0.5.tgz#7882f30adde5b240ccfa7f7d78c548330951ae42"

fastclick@^1.0.6:
  version "1.0.6"
  resolved "https://registry.yarnpkg.com/fastclick/-/fastclick-1.0.6.tgz#161625b27b1a5806405936bda9a2c1926d06be6a"

fecha@^2.3.0:
  version "2.3.0"
  resolved "https://registry.yarnpkg.com/fecha/-/fecha-2.3.0.tgz#791efb33d63b89b7aa8eccc28e59593db2ead700"

follow-redirects@1.0.0:
  version "1.0.0"
  resolved "https://registry.yarnpkg.com/follow-redirects/-/follow-redirects-1.0.0.tgz#8e34298cbd2e176f254effec75a1c78cc849fd37"
  dependencies:
    debug "^2.2.0"

font-awesome@^4.7.0:
  version "4.7.0"
  resolved "https://registry.yarnpkg.com/font-awesome/-/font-awesome-4.7.0.tgz#8fa8cf0411a1a31afd07b06d2902bb9fc815a133"

font-paliari@^0.1.26:
  version "0.1.26"
  resolved "https://registry.yarnpkg.com/font-paliari/-/font-paliari-0.1.26.tgz#3c72767d4ed4c831a6165a22dd9c8916948b1933"

ms@0.7.2:
  version "0.7.2"
  resolved "https://registry.yarnpkg.com/ms/-/ms-0.7.2.tgz#ae25cf2512b3885a1d95d7f037868d8431124765"

paliari-vue@^0.0.60:
  version "0.0.60"
  resolved "https://registry.yarnpkg.com/paliari-vue/-/paliari-vue-0.0.60.tgz#94545432cd29ba2eae36e252bac18ddc4e320445"
  dependencies:
    es6-promise "^4.0.5"
    fecha "^2.3.0"
    string-mask "^0.3.0"
    vue "^2.1.10"
    vuex "^2.1.2"

purecss@^0.6.2:
  version "0.6.2"
  resolved "https://registry.yarnpkg.com/purecss/-/purecss-0.6.2.tgz#f0827d227e909543c5138f36d56c8c613f476b8c"

string-mask@^0.3.0:
  version "0.3.0"
  resolved "https://registry.yarnpkg.com/string-mask/-/string-mask-0.3.0.tgz#9e7244b87bb2f6f9647e2ac98f96fa1a57c21198"

vue-router@^2.2.0:
  version "2.2.0"
  resolved "https://registry.yarnpkg.com/vue-router/-/vue-router-2.2.0.tgz#65a29ce23d718ddf09237938a58a01b3d1acc77c"

vue-spinner@^1.0.2:
  version "1.0.2"
  resolved "https://registry.yarnpkg.com/vue-spinner/-/vue-spinner-1.0.2.tgz#682e84c26494a43d045ada1ff2a95a29d4080880"

vue@^2.1.10:
  version "2.1.10"
  resolved "https://registry.yarnpkg.com/vue/-/vue-2.1.10.tgz#c9235ca48c7925137be5807832ac4e3ac180427b"

vuex-toast@^0.1.1:
  version "0.1.1"
  resolved "https://registry.yarnpkg.com/vuex-toast/-/vuex-toast-0.1.1.tgz#64de50bdf74286d7821adc3c648111fbae314c71"

vuex@^2.1.2:
  version "2.1.2"
  resolved "https://registry.yarnpkg.com/vuex/-/vuex-2.1.2.tgz#15d2da62dd6ff59c071f0a91cd4f434eacf6ca6c"
